{
    "name": "other-pfq",
    "version": "1.0.0",
    "lockfileVersion": 2,
    "requires": true,
    "packages": {
        "": {
            "name": "other-pfq",
            "version": "1.0.0",
            "license": "ISC",
            "devDependencies": {
                "fs": "^0.0.1-security",
                "string-replace-async": "^3.0.2"
            }
        },
        "node_modules/fs": {
            "version": "0.0.1-security",
            "resolved": "https://registry.npmjs.org/fs/-/fs-0.0.1-security.tgz",
            "integrity": "sha512-3XY9e1pP0CVEUCdj5BmfIZxRBTSDycnbqhIOGec9QYtmVH2fbLpj86CFWkrNOkt/Fvty4KZG5lTglL9j/gJ87w==",
            "dev": true
        },
        "node_modules/string-replace-async": {
            "version": "3.0.2",
            "resolved": "https://registry.npmjs.org/string-replace-async/-/string-replace-async-3.0.2.tgz",
            "integrity": "sha512-s6hDtXJ7FKyRap/amefqrOMpkEQvxUDueyvJygQeHxCK5Za90dOMgdibCCrPdfdAYAkr8imrZ1PPXW7DOf0RzQ==",
            "dev": true,
            "engines": {
                "node": ">= 14.0.0"
            }
        }
    },
    "dependencies": {
        "fs": {
            "version": "0.0.1-security",
            "resolved": "https://registry.npmjs.org/fs/-/fs-0.0.1-security.tgz",
            "integrity": "sha512-3XY9e1pP0CVEUCdj5BmfIZxRBTSDycnbqhIOGec9QYtmVH2fbLpj86CFWkrNOkt/Fvty4KZG5lTglL9j/gJ87w==",
            "dev": true
        },
        "string-replace-async": {
            "version": "3.0.2",
            "resolved": "https://registry.npmjs.org/string-replace-async/-/string-replace-async-3.0.2.tgz",
            "integrity": "sha512-s6hDtXJ7FKyRap/amefqrOMpkEQvxUDueyvJygQeHxCK5Za90dOMgdibCCrPdfdAYAkr8imrZ1PPXW7DOf0RzQ==",
            "dev": true
        }
    }
}
